
Microsoft Visual Studio Solution File, Format Version 12.00
# Visual Studio Version 17
VisualStudioVersion = 17.0.31903.59
MinimumVisualStudioVersion = 10.0.40219.1
Project("{FAE04EC0-301F-11D3-BF4B-00C04F79EFBC}") = "Customer.Api", "Customer.Api\Customer.Api.csproj", "{D2AC9639-B457-4FB1-9771-F0C1B3591DE4}"
EndProject
Global
	GlobalSection(SolutionConfigurationPlatforms) = preSolution
		Debug|Any CPU = Debug|Any CPU
		Release|Any CPU = Release|Any CPU
	EndGlobalSection
	GlobalSection(ProjectConfigurationPlatforms) = postSolution
		{D2AC9639-B457-4FB1-9771-F0C1B3591DE4}.Debug|Any CPU.ActiveCfg = Debug|Any CPU
		{D2AC9639-B457-4FB1-9771-F0C1B3591DE4}.Debug|Any CPU.Build.0 = Debug|Any CPU
		{D2AC9639-B457-4FB1-9771-F0C1B3591DE4}.Release|Any CPU.ActiveCfg = Release|Any CPU
		{D2AC9639-B457-4FB1-9771-F0C1B3591DE4}.Release|Any CPU.Build.0 = Release|Any CPU
	EndGlobalSection
	GlobalSection(SolutionProperties) = preSolution
		HideSolutionNode = FALSE
	EndGlobalSection
EndGlobal
