
Microsoft Visual Studio Solution File, Format Version 12.00
# Visual Studio Version 17
VisualStudioVersion = 17.5.002.0
MinimumVisualStudioVersion = 10.0.40219.1
Project("{9A19103F-16F7-4668-BE54-9A1E7A4F7556}") = "mutex.client", "mutex.client\mutex.client.csproj", "{498C63A7-BCA0-4149-B0AE-9A1BB8230E7F}"
EndProject
Project("{FAE04EC0-301F-11D3-BF4B-00C04F79EFBC}") = "Mutex.Api", "Mutex.Api\Mutex.Api.csproj", "{2881BEA2-8962-4944-B501-61F6B2852F5F}"
EndProject
Global
	GlobalSection(SolutionConfigurationPlatforms) = preSolution
		Debug|Any CPU = Debug|Any CPU
		Release|Any CPU = Release|Any CPU
	EndGlobalSection
	GlobalSection(ProjectConfigurationPlatforms) = postSolution
		{498C63A7-BCA0-4149-B0AE-9A1BB8230E7F}.Debug|Any CPU.ActiveCfg = Debug|Any CPU
		{498C63A7-BCA0-4149-B0AE-9A1BB8230E7F}.Debug|Any CPU.Build.0 = Debug|Any CPU
		{498C63A7-BCA0-4149-B0AE-9A1BB8230E7F}.Release|Any CPU.ActiveCfg = Release|Any CPU
		{498C63A7-BCA0-4149-B0AE-9A1BB8230E7F}.Release|Any CPU.Build.0 = Release|Any CPU
		{2881BEA2-8962-4944-B501-61F6B2852F5F}.Debug|Any CPU.ActiveCfg = Debug|Any CPU
		{2881BEA2-8962-4944-B501-61F6B2852F5F}.Debug|Any CPU.Build.0 = Debug|Any CPU
		{2881BEA2-8962-4944-B501-61F6B2852F5F}.Release|Any CPU.ActiveCfg = Release|Any CPU
		{2881BEA2-8962-4944-B501-61F6B2852F5F}.Release|Any CPU.Build.0 = Release|Any CPU
	EndGlobalSection
	GlobalSection(SolutionProperties) = preSolution
		HideSolutionNode = FALSE
	EndGlobalSection
	GlobalSection(ExtensibilityGlobals) = postSolution
		SolutionGuid = {6E386987-8632-474D-AC0D-A3F30A7B6076}
	EndGlobalSection
EndGlobal
