
Microsoft Visual Studio Solution File, Format Version 12.00
# Visual Studio Version 16
VisualStudioVersion = 25.0.1705.4
MinimumVisualStudioVersion = 10.0.40219.1
Project("{FAE04EC0-301F-11D3-BF4B-00C04F79EFBC}") = "Movies.Api", "Movies.Api\Movies.Api.csproj", "{764C7B37-4011-4757-B829-D844C9FCB1E8}"
EndProject
Global
	GlobalSection(SolutionConfigurationPlatforms) = preSolution
		Debug|Any CPU = Debug|Any CPU
		Release|Any CPU = Release|Any CPU
	EndGlobalSection
	GlobalSection(ProjectConfigurationPlatforms) = postSolution
		{764C7B37-4011-4757-B829-D844C9FCB1E8}.Debug|Any CPU.ActiveCfg = Debug|Any CPU
		{764C7B37-4011-4757-B829-D844C9FCB1E8}.Debug|Any CPU.Build.0 = Debug|Any CPU
		{764C7B37-4011-4757-B829-D844C9FCB1E8}.Release|Any CPU.ActiveCfg = Release|Any CPU
		{764C7B37-4011-4757-B829-D844C9FCB1E8}.Release|Any CPU.Build.0 = Release|Any CPU
	EndGlobalSection
	GlobalSection(SolutionProperties) = preSolution
		HideSolutionNode = FALSE
	EndGlobalSection
	GlobalSection(ExtensibilityGlobals) = postSolution
		SolutionGuid = {6926464B-36DB-4F15-BE4B-F5678EFFCBD2}
	EndGlobalSection
EndGlobal
